
Microsoft Visual Studio Solution File, Format Version 12.00
# Visual Studio 15
VisualStudioVersion = 15.0.26124.0
MinimumVisualStudioVersion = 15.0.26124.0
Project("{9A19103F-16F7-4668-BE54-9A1E7A4F7556}") = "CoverDotNet.Console", "CoverDotNet.Console\CoverDotNet.Console.csproj", "{9CFF25AA-3AD0-4584-AA8A-B69CA4A705DD}"
EndProject
Project("{FAE04EC0-301F-11D3-BF4B-00C04F79EFBC}") = "CoverDotNet.Core", "CoverDotNet.Core\CoverDotNet.Core.csproj", "{BF199F27-9182-4962-8F0D-EACF1C63CA43}"
EndProject
Global
	GlobalSection(SolutionConfigurationPlatforms) = preSolution
		Debug|Any CPU = Debug|Any CPU
		Debug|x64 = Debug|x64
		Debug|x86 = Debug|x86
		Release|Any CPU = Release|Any CPU
		Release|x64 = Release|x64
		Release|x86 = Release|x86
	EndGlobalSection
	GlobalSection(ProjectConfigurationPlatforms) = postSolution
		{9CFF25AA-3AD0-4584-AA8A-B69CA4A705DD}.Debug|Any CPU.ActiveCfg = Debug|Any CPU
		{9CFF25AA-3AD0-4584-AA8A-B69CA4A705DD}.Debug|Any CPU.Build.0 = Debug|Any CPU
		{9CFF25AA-3AD0-4584-AA8A-B69CA4A705DD}.Debug|x64.ActiveCfg = Debug|Any CPU
		{9CFF25AA-3AD0-4584-AA8A-B69CA4A705DD}.Debug|x64.Build.0 = Debug|Any CPU
		{9CFF25AA-3AD0-4584-AA8A-B69CA4A705DD}.Debug|x86.ActiveCfg = Debug|Any CPU
		{9CFF25AA-3AD0-4584-AA8A-B69CA4A705DD}.Debug|x86.Build.0 = Debug|Any CPU
		{9CFF25AA-3AD0-4584-AA8A-B69CA4A705DD}.Release|Any CPU.ActiveCfg = Release|Any CPU
		{9CFF25AA-3AD0-4584-AA8A-B69CA4A705DD}.Release|Any CPU.Build.0 = Release|Any CPU
		{9CFF25AA-3AD0-4584-AA8A-B69CA4A705DD}.Release|x64.ActiveCfg = Release|Any CPU
		{9CFF25AA-3AD0-4584-AA8A-B69CA4A705DD}.Release|x64.Build.0 = Release|Any CPU
		{9CFF25AA-3AD0-4584-AA8A-B69CA4A705DD}.Release|x86.ActiveCfg = Release|Any CPU
		{9CFF25AA-3AD0-4584-AA8A-B69CA4A705DD}.Release|x86.Build.0 = Release|Any CPU
		{BF199F27-9182-4962-8F0D-EACF1C63CA43}.Debug|Any CPU.ActiveCfg = Debug|Any CPU
		{BF199F27-9182-4962-8F0D-EACF1C63CA43}.Debug|Any CPU.Build.0 = Debug|Any CPU
		{BF199F27-9182-4962-8F0D-EACF1C63CA43}.Debug|x64.ActiveCfg = Debug|Any CPU
		{BF199F27-9182-4962-8F0D-EACF1C63CA43}.Debug|x64.Build.0 = Debug|Any CPU
		{BF199F27-9182-4962-8F0D-EACF1C63CA43}.Debug|x86.ActiveCfg = Debug|Any CPU
		{BF199F27-9182-4962-8F0D-EACF1C63CA43}.Debug|x86.Build.0 = Debug|Any CPU
		{BF199F27-9182-4962-8F0D-EACF1C63CA43}.Release|Any CPU.ActiveCfg = Release|Any CPU
		{BF199F27-9182-4962-8F0D-EACF1C63CA43}.Release|Any CPU.Build.0 = Release|Any CPU
		{BF199F27-9182-4962-8F0D-EACF1C63CA43}.Release|x64.ActiveCfg = Release|Any CPU
		{BF199F27-9182-4962-8F0D-EACF1C63CA43}.Release|x64.Build.0 = Release|Any CPU
		{BF199F27-9182-4962-8F0D-EACF1C63CA43}.Release|x86.ActiveCfg = Release|Any CPU
		{BF199F27-9182-4962-8F0D-EACF1C63CA43}.Release|x86.Build.0 = Release|Any CPU
	EndGlobalSection
	GlobalSection(SolutionProperties) = preSolution
		HideSolutionNode = FALSE
	EndGlobalSection
	GlobalSection(ExtensibilityGlobals) = postSolution
		SolutionGuid = {27E0E64E-8B5B-4D4F-870B-757E3CAE90D6}
	EndGlobalSection
EndGlobal
